
Microsoft Visual Studio Solution File, Format Version 12.00
# Visual Studio Version 16
VisualStudioVersion = 16.0.30114.105
MinimumVisualStudioVersion = 10.0.40219.1
Project("{FAE04EC0-301F-11D3-BF4B-00C04F79EFBC}") = "PackIT.API", "PackIT.API\PackIT.API.csproj", "{B505F0B6-2514-441B-8BF7-EF9449DDD6F0}"
EndProject
Project("{FAE04EC0-301F-11D3-BF4B-00C04F79EFBC}") = "PackIT.Application", "PackIT.Application\PackIT.Application.csproj", "{EF890C49-E3A5-4CDC-8543-E87F71DA6E89}"
EndProject
Project("{FAE04EC0-301F-11D3-BF4B-00C04F79EFBC}") = "PackIT.Domain", "PackIT.Domain\PackIT.Domain.csproj", "{408BAA8F-F6D4-491D-B08E-84BBCB1D1202}"
EndProject
Project("{FAE04EC0-301F-11D3-BF4B-00C04F79EFBC}") = "PackIT.Infrastructure", "PackIT.Infrastructure\PackIT.Infrastructure.csproj", "{E4AD0869-2695-42B9-B8FF-331124F6BD49}"
EndProject
Project("{2150E333-8FDC-42A3-9474-1A3956D46DE8}") = "Shared", "Shared", "{DE90976B-D4B4-4E6B-8B55-A035A50A4D19}"
EndProject
Project("{FAE04EC0-301F-11D3-BF4B-00C04F79EFBC}") = "PackIT.Shared", "Shared\PackIT.Shared\PackIT.Shared.csproj", "{A826A588-0613-492C-BCD0-6491623D4BF1}"
EndProject
Project("{FAE04EC0-301F-11D3-BF4B-00C04F79EFBC}") = "PackIT.Shared.Abstractions", "Shared\PackIT.Shared.Abstractions\PackIT.Shared.Abstractions.csproj", "{AD54EB74-7A0C-424A-8570-26D95D3B48AF}"
EndProject
Global
	GlobalSection(SolutionConfigurationPlatforms) = preSolution
		Debug|Any CPU = Debug|Any CPU
		Release|Any CPU = Release|Any CPU
	EndGlobalSection
	GlobalSection(SolutionProperties) = preSolution
		HideSolutionNode = FALSE
	EndGlobalSection
	GlobalSection(ProjectConfigurationPlatforms) = postSolution
		{B505F0B6-2514-441B-8BF7-EF9449DDD6F0}.Debug|Any CPU.ActiveCfg = Debug|Any CPU
		{B505F0B6-2514-441B-8BF7-EF9449DDD6F0}.Debug|Any CPU.Build.0 = Debug|Any CPU
		{B505F0B6-2514-441B-8BF7-EF9449DDD6F0}.Release|Any CPU.ActiveCfg = Release|Any CPU
		{B505F0B6-2514-441B-8BF7-EF9449DDD6F0}.Release|Any CPU.Build.0 = Release|Any CPU
		{EF890C49-E3A5-4CDC-8543-E87F71DA6E89}.Debug|Any CPU.ActiveCfg = Debug|Any CPU
		{EF890C49-E3A5-4CDC-8543-E87F71DA6E89}.Debug|Any CPU.Build.0 = Debug|Any CPU
		{EF890C49-E3A5-4CDC-8543-E87F71DA6E89}.Release|Any CPU.ActiveCfg = Release|Any CPU
		{EF890C49-E3A5-4CDC-8543-E87F71DA6E89}.Release|Any CPU.Build.0 = Release|Any CPU
		{408BAA8F-F6D4-491D-B08E-84BBCB1D1202}.Debug|Any CPU.ActiveCfg = Debug|Any CPU
		{408BAA8F-F6D4-491D-B08E-84BBCB1D1202}.Debug|Any CPU.Build.0 = Debug|Any CPU
		{408BAA8F-F6D4-491D-B08E-84BBCB1D1202}.Release|Any CPU.ActiveCfg = Release|Any CPU
		{408BAA8F-F6D4-491D-B08E-84BBCB1D1202}.Release|Any CPU.Build.0 = Release|Any CPU
		{E4AD0869-2695-42B9-B8FF-331124F6BD49}.Debug|Any CPU.ActiveCfg = Debug|Any CPU
		{E4AD0869-2695-42B9-B8FF-331124F6BD49}.Debug|Any CPU.Build.0 = Debug|Any CPU
		{E4AD0869-2695-42B9-B8FF-331124F6BD49}.Release|Any CPU.ActiveCfg = Release|Any CPU
		{E4AD0869-2695-42B9-B8FF-331124F6BD49}.Release|Any CPU.Build.0 = Release|Any CPU
		{A826A588-0613-492C-BCD0-6491623D4BF1}.Debug|Any CPU.ActiveCfg = Debug|Any CPU
		{A826A588-0613-492C-BCD0-6491623D4BF1}.Debug|Any CPU.Build.0 = Debug|Any CPU
		{A826A588-0613-492C-BCD0-6491623D4BF1}.Release|Any CPU.ActiveCfg = Release|Any CPU
		{A826A588-0613-492C-BCD0-6491623D4BF1}.Release|Any CPU.Build.0 = Release|Any CPU
		{AD54EB74-7A0C-424A-8570-26D95D3B48AF}.Debug|Any CPU.ActiveCfg = Debug|Any CPU
		{AD54EB74-7A0C-424A-8570-26D95D3B48AF}.Debug|Any CPU.Build.0 = Debug|Any CPU
		{AD54EB74-7A0C-424A-8570-26D95D3B48AF}.Release|Any CPU.ActiveCfg = Release|Any CPU
		{AD54EB74-7A0C-424A-8570-26D95D3B48AF}.Release|Any CPU.Build.0 = Release|Any CPU
	EndGlobalSection
	GlobalSection(NestedProjects) = preSolution
		{A826A588-0613-492C-BCD0-6491623D4BF1} = {DE90976B-D4B4-4E6B-8B55-A035A50A4D19}
		{AD54EB74-7A0C-424A-8570-26D95D3B48AF} = {DE90976B-D4B4-4E6B-8B55-A035A50A4D19}
	EndGlobalSection
EndGlobal
